// !$*UTF8*$!
{
	archiveVersion = 1;
	classes = {
	};
	objectVersion = 46;
	objects = {

/* Begin PBXBuildFile section */
		F190BDAC1B865AC400FDAE83 /* NSDate+month.swift in Sources */ = {isa = PBXBuildFile; fileRef = F190BDA51B865AC400FDAE83 /* NSDate+month.swift */; };
		F190BDAD1B865AC400FDAE83 /* TCCalendarLayout.swift in Sources */ = {isa = PBXBuildFile; fileRef = F190BDA61B865AC400FDAE83 /* TCCalendarLayout.swift */; };
		F190BDAE1B865AC400FDAE83 /* TCCalendarMonthTitleView.swift in Sources */ = {isa = PBXBuildFile; fileRef = F190BDA71B865AC400FDAE83 /* TCCalendarMonthTitleView.swift */; };
		F190BDAF1B865AC400FDAE83 /* TCCalendarView.swift in Sources */ = {isa = PBXBuildFile; fileRef = F190BDA81B865AC400FDAE83 /* TCCalendarView.swift */; };
		F190BDB01B865AC400FDAE83 /* TCCalendarViewDayCell.swift in Sources */ = {isa = PBXBuildFile; fileRef = F190BDA91B865AC400FDAE83 /* TCCalendarViewDayCell.swift */; };
		F190BDB11B865AC400FDAE83 /* TCCalendarViewSectionBackgroundView.swift in Sources */ = {isa = PBXBuildFile; fileRef = F190BDAA1B865AC400FDAE83 /* TCCalendarViewSectionBackgroundView.swift */; };
		F190BDB21B865AC400FDAE83 /* TCCalendarViewWeekdayCell.swift in Sources */ = {isa = PBXBuildFile; fileRef = F190BDAB1B865AC400FDAE83 /* TCCalendarViewWeekdayCell.swift */; };
		F19FDDF81AD9D0E30002B778 /* AppDelegate.swift in Sources */ = {isa = PBXBuildFile; fileRef = F19FDDF71AD9D0E30002B778 /* AppDelegate.swift */; };
		F19FDDFA1AD9D0E30002B778 /* ViewController.swift in Sources */ = {isa = PBXBuildFile; fileRef = F19FDDF91AD9D0E30002B778 /* ViewController.swift */; };
		F19FDDFD1AD9D0E30002B778 /* Main.storyboard in Resources */ = {isa = PBXBuildFile; fileRef = F19FDDFB1AD9D0E30002B778 /* Main.storyboard */; };
		F19FDDFF1AD9D0E30002B778 /* Images.xcassets in Resources */ = {isa = PBXBuildFile; fileRef = F19FDDFE1AD9D0E30002B778 /* Images.xcassets */; };
		F19FDE021AD9D0E30002B778 /* LaunchScreen.xib in Resources */ = {isa = PBXBuildFile; fileRef = F19FDE001AD9D0E30002B778 /* LaunchScreen.xib */; };
/* End PBXBuildFile section */

/* Begin PBXContainerItemProxy section */
		F19FDE081AD9D0E30002B778 /* PBXContainerItemProxy */ = {
			isa = PBXContainerItemProxy;
			containerPortal = F19FDDEA1AD9D0E30002B778 /* Project object */;
			proxyType = 1;
			remoteGlobalIDString = F19FDDF11AD9D0E30002B778;
			remoteInfo = TCCalendar;
		};
/* End PBXContainerItemProxy section */

/* Begin PBXFileReference section */
		F190BDA51B865AC400FDAE83 /* NSDate+month.swift */ = {isa = PBXFileReference; fileEncoding = 4; lastKnownFileType = sourcecode.swift; path = "NSDate+month.swift"; sourceTree = "<group>"; };
		F190BDA61B865AC400FDAE83 /* TCCalendarLayout.swift */ = {isa = PBXFileReference; fileEncoding = 4; lastKnownFileType = sourcecode.swift; path = TCCalendarLayout.swift; sourceTree = "<group>"; };
		F190BDA71B865AC400FDAE83 /* TCCalendarMonthTitleView.swift */ = {isa = PBXFileReference; fileEncoding = 4; lastKnownFileType = sourcecode.swift; path = TCCalendarMonthTitleView.swift; sourceTree = "<group>"; };
		F190BDA81B865AC400FDAE83 /* TCCalendarView.swift */ = {isa = PBXFileReference; fileEncoding = 4; lastKnownFileType = sourcecode.swift; path = TCCalendarView.swift; sourceTree = "<group>"; };
		F190BDA91B865AC400FDAE83 /* TCCalendarViewDayCell.swift */ = {isa = PBXFileReference; fileEncoding = 4; lastKnownFileType = sourcecode.swift; path = TCCalendarViewDayCell.swift; sourceTree = "<group>"; };
		F190BDAA1B865AC400FDAE83 /* TCCalendarViewSectionBackgroundView.swift */ = {isa = PBXFileReference; fileEncoding = 4; lastKnownFileType = sourcecode.swift; path = TCCalendarViewSectionBackgroundView.swift; sourceTree = "<group>"; };
		F190BDAB1B865AC400FDAE83 /* TCCalendarViewWeekdayCell.swift */ = {isa = PBXFileReference; fileEncoding = 4; lastKnownFileType = sourcecode.swift; path = TCCalendarViewWeekdayCell.swift; sourceTree = "<group>"; };
		F19FDDF21AD9D0E30002B778 /* TCCalendar.app */ = {isa = PBXFileReference; explicitFileType = wrapper.application; includeInIndex = 0; path = TCCalendar.app; sourceTree = BUILT_PRODUCTS_DIR; };
		F19FDDF61AD9D0E30002B778 /* Info.plist */ = {isa = PBXFileReference; lastKnownFileType = text.plist.xml; path = Info.plist; sourceTree = "<group>"; };
		F19FDDF71AD9D0E30002B778 /* AppDelegate.swift */ = {isa = PBXFileReference; lastKnownFileType = sourcecode.swift; path = AppDelegate.swift; sourceTree = "<group>"; };
		F19FDDF91AD9D0E30002B778 /* ViewController.swift */ = {isa = PBXFileReference; lastKnownFileType = sourcecode.swift; path = ViewController.swift; sourceTree = "<group>"; };
		F19FDDFC1AD9D0E30002B778 /* Base */ = {isa = PBXFileReference; lastKnownFileType = file.storyboard; name = Base; path = Base.lproj/Main.storyboard; sourceTree = "<group>"; };
		F19FDDFE1AD9D0E30002B778 /* Images.xcassets */ = {isa = PBXFileReference; lastKnownFileType = folder.assetcatalog; path = Images.xcassets; sourceTree = "<group>"; };
		F19FDE011AD9D0E30002B778 /* Base */ = {isa = PBXFileReference; lastKnownFileType = file.xib; name = Base; path = Base.lproj/LaunchScreen.xib; sourceTree = "<group>"; };
		F19FDE071AD9D0E30002B778 /* TCCalendarTests.xctest */ = {isa = PBXFileReference; explicitFileType = wrapper.cfbundle; includeInIndex = 0; path = TCCalendarTests.xctest; sourceTree = BUILT_PRODUCTS_DIR; };
		F19FDE0C1AD9D0E30002B778 /* Info.plist */ = {isa = PBXFileReference; lastKnownFileType = text.plist.xml; path = Info.plist; sourceTree = "<group>"; };
/* End PBXFileReference section */

/* Begin PBXFrameworksBuildPhase section */
		F19FDDEF1AD9D0E30002B778 /* Frameworks */ = {
			isa = PBXFrameworksBuildPhase;
			buildActionMask = 2147483647;
			files = (
			);
			runOnlyForDeploymentPostprocessing = 0;
		};
		F19FDE041AD9D0E30002B778 /* Frameworks */ = {
			isa = PBXFrameworksBuildPhase;
			buildActionMask = 2147483647;
			files = (
			);
			runOnlyForDeploymentPostprocessing = 0;
		};
/* End PBXFrameworksBuildPhase section */

/* Begin PBXGroup section */
		F190BDA41B865AC400FDAE83 /* TCCalendar */ = {
			isa = PBXGroup;
			children = (
				F190BDA51B865AC400FDAE83 /* NSDate+month.swift */,
				F190BDA61B865AC400FDAE83 /* TCCalendarLayout.swift */,
				F190BDA81B865AC400FDAE83 /* TCCalendarView.swift */,
				F190BDA71B865AC400FDAE83 /* TCCalendarMonthTitleView.swift */,
				F190BDAB1B865AC400FDAE83 /* TCCalendarViewWeekdayCell.swift */,
				F190BDA91B865AC400FDAE83 /* TCCalendarViewDayCell.swift */,
				F190BDAA1B865AC400FDAE83 /* TCCalendarViewSectionBackgroundView.swift */,
			);
			path = TCCalendar;
			sourceTree = "<group>";
		};
		F19FDDE91AD9D0E30002B778 = {
			isa = PBXGroup;
			children = (
				F19FDDF41AD9D0E30002B778 /* TCCalendar */,
				F19FDE0A1AD9D0E30002B778 /* TCCalendarTests */,
				F19FDDF31AD9D0E30002B778 /* Products */,
			);
			sourceTree = "<group>";
		};
		F19FDDF31AD9D0E30002B778 /* Products */ = {
			isa = PBXGroup;
			children = (
				F19FDDF21AD9D0E30002B778 /* TCCalendar.app */,
				F19FDE071AD9D0E30002B778 /* TCCalendarTests.xctest */,
			);
			name = Products;
			sourceTree = "<group>";
		};
		F19FDDF41AD9D0E30002B778 /* TCCalendar */ = {
			isa = PBXGroup;
			children = (
				F190BDA41B865AC400FDAE83 /* TCCalendar */,
				F19FDDF71AD9D0E30002B778 /* AppDelegate.swift */,
				F19FDDF91AD9D0E30002B778 /* ViewController.swift */,
				F19FDDFB1AD9D0E30002B778 /* Main.storyboard */,
				F19FDDFE1AD9D0E30002B778 /* Images.xcassets */,
				F19FDE001AD9D0E30002B778 /* LaunchScreen.xib */,
				F19FDDF51AD9D0E30002B778 /* Supporting Files */,
			);
			path = TCCalendar;
			sourceTree = "<group>";
		};
		F19FDDF51AD9D0E30002B778 /* Supporting Files */ = {
			isa = PBXGroup;
			children = (
				F19FDDF61AD9D0E30002B778 /* Info.plist */,
			);
			name = "Supporting Files";
			sourceTree = "<group>";
		};
		F19FDE0A1AD9D0E30002B778 /* TCCalendarTests */ = {
			isa = PBXGroup;
			children = (
				F19FDE0B1AD9D0E30002B778 /* Supporting Files */,
			);
			path = TCCalendarTests;
			sourceTree = "<group>";
		};
		F19FDE0B1AD9D0E30002B778 /* Supporting Files */ = {
			isa = PBXGroup;
			children = (
				F19FDE0C1AD9D0E30002B778 /* Info.plist */,
			);
			name = "Supporting Files";
			sourceTree = "<group>";
		};
/* End PBXGroup section */

/* Begin PBXNativeTarget section */
		F19FDDF11AD9D0E30002B778 /* TCCalendar */ = {
			isa = PBXNativeTarget;
			buildConfigurationList = F19FDE111AD9D0E30002B778 /* Build configuration list for PBXNativeTarget "TCCalendar" */;
			buildPhases = (
				F19FDDEE1AD9D0E30002B778 /* Sources */,
				F19FDDEF1AD9D0E30002B778 /* Frameworks */,
				F19FDDF01AD9D0E30002B778 /* Resources */,
			);
			buildRules = (
			);
			dependencies = (
			);
			name = TCCalendar;
			productName = TCCalendar;
			productReference = F19FDDF21AD9D0E30002B778 /* TCCalendar.app */;
			productType = "com.apple.product-type.application";
		};
		F19FDE061AD9D0E30002B778 /* TCCalendarTests */ = {
			isa = PBXNativeTarget;
			buildConfigurationList = F19FDE141AD9D0E30002B778 /* Build configuration list for PBXNativeTarget "TCCalendarTests" */;
			buildPhases = (
				F19FDE031AD9D0E30002B778 /* Sources */,
				F19FDE041AD9D0E30002B778 /* Frameworks */,
				F19FDE051AD9D0E30002B778 /* Resources */,
			);
			buildRules = (
			);
			dependencies = (
				F19FDE091AD9D0E30002B778 /* PBXTargetDependency */,
			);
			name = TCCalendarTests;
			productName = TCCalendarTests;
			productReference = F19FDE071AD9D0E30002B778 /* TCCalendarTests.xctest */;
			productType = "com.apple.product-type.bundle.unit-test";
		};
/* End PBXNativeTarget section */

/* Begin PBXProject section */
		F19FDDEA1AD9D0E30002B778 /* Project object */ = {
			isa = PBXProject;
			attributes = {
				LastSwiftMigration = 0700;
				LastSwiftUpdateCheck = 0700;
				LastUpgradeCheck = 0700;
				ORGANIZATIONNAME = "Cyril Wei";
				TargetAttributes = {
					F19FDDF11AD9D0E30002B778 = {
						CreatedOnToolsVersion = 6.3;
					};
					F19FDE061AD9D0E30002B778 = {
						CreatedOnToolsVersion = 6.3;
						TestTargetID = F19FDDF11AD9D0E30002B778;
					};
				};
			};
			buildConfigurationList = F19FDDED1AD9D0E30002B778 /* Build configuration list for PBXProject "TCCalendar" */;
			compatibilityVersion = "Xcode 3.2";
			developmentRegion = English;
			hasScannedForEncodings = 0;
			knownRegions = (
				en,
				Base,
			);
			mainGroup = F19FDDE91AD9D0E30002B778;
			productRefGroup = F19FDDF31AD9D0E30002B778 /* Products */;
			projectDirPath = "";
			projectRoot = "";
			targets = (
				F19FDDF11AD9D0E30002B778 /* TCCalendar */,
				F19FDE061AD9D0E30002B778 /* TCCalendarTests */,
			);
		};
/* End PBXProject section */

/* Begin PBXResourcesBuildPhase section */
		F19FDDF01AD9D0E30002B778 /* Resources */ = {
			isa = PBXResourcesBuildPhase;
			buildActionMask = 2147483647;
			files = (
				F19FDDFD1AD9D0E30002B778 /* Main.storyboard in Resources */,
				F19FDE021AD9D0E30002B778 /* LaunchScreen.xib in Resources */,
				F19FDDFF1AD9D0E30002B778 /* Images.xcassets in Resources */,
			);
			runOnlyForDeploymentPostprocessing = 0;
		};
		F19FDE051AD9D0E30002B778 /* Resources */ = {
			isa = PBXResourcesBuildPhase;
			buildActionMask = 2147483647;
			files = (
			);
			runOnlyForDeploymentPostprocessing = 0;
		};
/* End PBXResourcesBuildPhase section */

/* Begin PBXSourcesBuildPhase section */
		F19FDDEE1AD9D0E30002B778 /* Sources */ = {
			isa = PBXSourcesBuildPhase;
			buildActionMask = 2147483647;
			files = (
				F190BDB21B865AC400FDAE83 /* TCCalendarViewWeekdayCell.swift in Sources */,
				F190BDB11B865AC400FDAE83 /* TCCalendarViewSectionBackgroundView.swift in Sources */,
				F190BDAE1B865AC400FDAE83 /* TCCalendarMonthTitleView.swift in Sources */,
				F190BDAD1B865AC400FDAE83 /* TCCalendarLayout.swift in Sources */,
				F190BDAC1B865AC400FDAE83 /* NSDate+month.swift in Sources */,
				F190BDAF1B865AC400FDAE83 /* TCCalendarView.swift in Sources */,
				F19FDDFA1AD9D0E30002B778 /* ViewController.swift in Sources */,
				F19FDDF81AD9D0E30002B778 /* AppDelegate.swift in Sources */,
				F190BDB01B865AC400FDAE83 /* TCCalendarViewDayCell.swift in Sources */,
			);
			runOnlyForDeploymentPostprocessing = 0;
		};
		F19FDE031AD9D0E30002B778 /* Sources */ = {
			isa = PBXSourcesBuildPhase;
			buildActionMask = 2147483647;
			files = (
			);
			runOnlyForDeploymentPostprocessing = 0;
		};
/* End PBXSourcesBuildPhase section */

/* Begin PBXTargetDependency section */
		F19FDE091AD9D0E30002B778 /* PBXTargetDependency */ = {
			isa = PBXTargetDependency;
			target = F19FDDF11AD9D0E30002B778 /* TCCalendar */;
			targetProxy = F19FDE081AD9D0E30002B778 /* PBXContainerItemProxy */;
		};
/* End PBXTargetDependency section */

/* Begin PBXVariantGroup section */
		F19FDDFB1AD9D0E30002B778 /* Main.storyboard */ = {
			isa = PBXVariantGroup;
			children = (
				F19FDDFC1AD9D0E30002B778 /* Base */,
			);
			name = Main.storyboard;
			sourceTree = "<group>";
		};
		F19FDE001AD9D0E30002B778 /* LaunchScreen.xib */ = {
			isa = PBXVariantGroup;
			children = (
				F19FDE011AD9D0E30002B778 /* Base */,
			);
			name = LaunchScreen.xib;
			sourceTree = "<group>";
		};
/* End PBXVariantGroup section */

/* Begin XCBuildConfiguration section */
		F19FDE0F1AD9D0E30002B778 /* Debug */ = {
			isa = XCBuildConfiguration;
			buildSettings = {
				ALWAYS_SEARCH_USER_PATHS = NO;
				CLANG_CXX_LANGUAGE_STANDARD = "gnu++0x";
				CLANG_CXX_LIBRARY = "libc++";
				CLANG_ENABLE_MODULES = YES;
				CLANG_ENABLE_OBJC_ARC = YES;
				CLANG_WARN_BOOL_CONVERSION = YES;
				CLANG_WARN_CONSTANT_CONVERSION = YES;
				CLANG_WARN_DIRECT_OBJC_ISA_USAGE = YES_ERROR;
				CLANG_WARN_EMPTY_BODY = YES;
				CLANG_WARN_ENUM_CONVERSION = YES;
				CLANG_WARN_INT_CONVERSION = YES;
				CLANG_WARN_OBJC_ROOT_CLASS = YES_ERROR;
				CLANG_WARN_UNREACHABLE_CODE = YES;
				CLANG_WARN__DUPLICATE_METHOD_MATCH = YES;
				"CODE_SIGN_IDENTITY[sdk=iphoneos*]" = "iPhone Developer";
				COPY_PHASE_STRIP = NO;
				DEBUG_INFORMATION_FORMAT = "dwarf-with-dsym";
				ENABLE_STRICT_OBJC_MSGSEND = YES;
				ENABLE_TESTABILITY = YES;
				GCC_C_LANGUAGE_STANDARD = gnu99;
				GCC_DYNAMIC_NO_PIC = NO;
				GCC_NO_COMMON_BLOCKS = YES;
				GCC_OPTIMIZATION_LEVEL = 0;
				GCC_PREPROCESSOR_DEFINITIONS = (
					"DEBUG=1",
					"$(inherited)",
				);
				GCC_SYMBOLS_PRIVATE_EXTERN = NO;
				GCC_WARN_64_TO_32_BIT_CONVERSION = YES;
				GCC_WARN_ABOUT_RETURN_TYPE = YES_ERROR;
				GCC_WARN_UNDECLARED_SELECTOR = YES;
				GCC_WARN_UNINITIALIZED_AUTOS = YES_AGGRESSIVE;
				GCC_WARN_UNUSED_FUNCTION = YES;
				GCC_WARN_UNUSED_VARIABLE = YES;
				IPHONEOS_DEPLOYMENT_TARGET = 8.3;
				MTL_ENABLE_DEBUG_INFO = YES;
				ONLY_ACTIVE_ARCH = YES;
				SDKROOT = iphoneos;
				SWIFT_OPTIMIZATION_LEVEL = "-Onone";
			};
			name = Debug;
		};
		F19FDE101AD9D0E30002B778 /* Release */ = {
			isa = XCBuildConfiguration;
			buildSettings = {
				ALWAYS_SEARCH_USER_PATHS = NO;
				CLANG_CXX_LANGUAGE_STANDARD = "gnu++0x";
				CLANG_CXX_LIBRARY = "libc++";
				CLANG_ENABLE_MODULES = YES;
				CLANG_ENABLE_OBJC_ARC = YES;
				CLANG_WARN_BOOL_CONVERSION = YES;
				CLANG_WARN_CONSTANT_CONVERSION = YES;
				CLANG_WARN_DIRECT_OBJC_ISA_USAGE = YES_ERROR;
				CLANG_WARN_EMPTY_BODY = YES;
				CLANG_WARN_ENUM_CONVERSION = YES;
				CLANG_WARN_INT_CONVERSION = YES;
				CLANG_WARN_OBJC_ROOT_CLASS = YES_ERROR;
				CLANG_WARN_UNREACHABLE_CODE = YES;
				CLANG_WARN__DUPLICATE_METHOD_MATCH = YES;
				"CODE_SIGN_IDENTITY[sdk=iphoneos*]" = "iPhone Developer";
				COPY_PHASE_STRIP = NO;
				DEBUG_INFORMATION_FORMAT = "dwarf-with-dsym";
				ENABLE_NS_ASSERTIONS = NO;
				ENABLE_STRICT_OBJC_MSGSEND = YES;
				GCC_C_LANGUAGE_STANDARD = gnu99;
				GCC_NO_COMMON_BLOCKS = YES;
				GCC_WARN_64_TO_32_BIT_CONVERSION = YES;
				GCC_WARN_ABOUT_RETURN_TYPE = YES_ERROR;
				GCC_WARN_UNDECLARED_SELECTOR = YES;
				GCC_WARN_UNINITIALIZED_AUTOS = YES_AGGRESSIVE;
				GCC_WARN_UNUSED_FUNCTION = YES;
				GCC_WARN_UNUSED_VARIABLE = YES;
				IPHONEOS_DEPLOYMENT_TARGET = 8.3;
				MTL_ENABLE_DEBUG_INFO = NO;
				SDKROOT = iphoneos;
				VALIDATE_PRODUCT = YES;
			};
			name = Release;
		};
		F19FDE121AD9D0E30002B778 /* Debug */ = {
			isa = XCBuildConfiguration;
			buildSettings = {
				ASSETCATALOG_COMPILER_APPICON_NAME = AppIcon;
				INFOPLIST_FILE = TCCalendar/Info.plist;
				LD_RUNPATH_SEARCH_PATHS = "$(inherited) @executable_path/Frameworks";
				PRODUCT_BUNDLE_IDENTIFIER = "me.cyrilwei.ios.components.$(PRODUCT_NAME:rfc1034identifier)";
				PRODUCT_NAME = "$(TARGET_NAME)";
				TARGETED_DEVICE_FAMILY = "1,2";
			};
			name = Debug;
		};
		F19FDE131AD9D0E30002B778 /* Release */ = {
			isa = XCBuildConfiguration;
			buildSettings = {
				ASSETCATALOG_COMPILER_APPICON_NAME = AppIcon;
				INFOPLIST_FILE = TCCalendar/Info.plist;
				LD_RUNPATH_SEARCH_PATHS = "$(inherited) @executable_path/Frameworks";
				PRODUCT_BUNDLE_IDENTIFIER = "me.cyrilwei.ios.components.$(PRODUCT_NAME:rfc1034identifier)";
				PRODUCT_NAME = "$(TARGET_NAME)";
				TARGETED_DEVICE_FAMILY = "1,2";
			};
			name = Release;
		};
		F19FDE151AD9D0E30002B778 /* Debug */ = {
			isa = XCBuildConfiguration;
			buildSettings = {
				BUNDLE_LOADER = "$(TEST_HOST)";
				FRAMEWORK_SEARCH_PATHS = (
					"$(SDKROOT)/Developer/Library/Frameworks",
					"$(inherited)",
				);
				GCC_PREPROCESSOR_DEFINITIONS = (
					"DEBUG=1",
					"$(inherited)",
				);
				INFOPLIST_FILE = TCCalendarTests/Info.plist;
				LD_RUNPATH_SEARCH_PATHS = "$(inherited) @executable_path/Frameworks @loader_path/Frameworks";
				PRODUCT_BUNDLE_IDENTIFIER = "me.cyrilwei.ios.components.$(PRODUCT_NAME:rfc1034identifier)";
				PRODUCT_NAME = "$(TARGET_NAME)";
				TEST_HOST = "$(BUILT_PRODUCTS_DIR)/TCCalendar.app/TCCalendar";
			};
			name = Debug;
		};
		F19FDE161AD9D0E30002B778 /* Release */ = {
			isa = XCBuildConfiguration;
			buildSettings = {
				BUNDLE_LOADER = "$(TEST_HOST)";
				FRAMEWORK_SEARCH_PATHS = (
					"$(SDKROOT)/Developer/Library/Frameworks",
					"$(inherited)",
				);
				INFOPLIST_FILE = TCCalendarTests/Info.plist;
				LD_RUNPATH_SEARCH_PATHS = "$(inherited) @executable_path/Frameworks @loader_path/Frameworks";
				PRODUCT_BUNDLE_IDENTIFIER = "me.cyrilwei.ios.components.$(PRODUCT_NAME:rfc1034identifier)";
				PRODUCT_NAME = "$(TARGET_NAME)";
				TEST_HOST = "$(BUILT_PRODUCTS_DIR)/TCCalendar.app/TCCalendar";
			};
			name = Release;
		};
/* End XCBuildConfiguration section */

/* Begin XCConfigurationList section */
		F19FDDED1AD9D0E30002B778 /* Build configuration list for PBXProject "TCCalendar" */ = {
			isa = XCConfigurationList;
			buildConfigurations = (
				F19FDE0F1AD9D0E30002B778 /* Debug */,
				F19FDE101AD9D0E30002B778 /* Release */,
			);
			defaultConfigurationIsVisible = 0;
			defaultConfigurationName = Release;
		};
		F19FDE111AD9D0E30002B778 /* Build configuration list for PBXNativeTarget "TCCalendar" */ = {
			isa = XCConfigurationList;
			buildConfigurations = (
				F19FDE121AD9D0E30002B778 /* Debug */,
				F19FDE131AD9D0E30002B778 /* Release */,
			);
			defaultConfigurationIsVisible = 0;
			defaultConfigurationName = Release;
		};
		F19FDE141AD9D0E30002B778 /* Build configuration list for PBXNativeTarget "TCCalendarTests" */ = {
			isa = XCConfigurationList;
			buildConfigurations = (
				F19FDE151AD9D0E30002B778 /* Debug */,
				F19FDE161AD9D0E30002B778 /* Release */,
			);
			defaultConfigurationIsVisible = 0;
			defaultConfigurationName = Release;
		};
/* End XCConfigurationList section */
	};
	rootObject = F19FDDEA1AD9D0E30002B778 /* Project object */;
}
